
Microsoft Visual Studio Solution File, Format Version 12.00
# Visual Studio Version 16
VisualStudioVersion = 16.0.31402.337
MinimumVisualStudioVersion = 10.0.40219.1
Project("{9A19103F-16F7-4668-BE54-9A1E7A4F7556}") = "DataAccess", "DataAccess\DataAccess.csproj", "{71E9F8FF-92D1-47D7-899F-F5EF1DC0CD0D}"
EndProject
Project("{9A19103F-16F7-4668-BE54-9A1E7A4F7556}") = "Business", "Business\Business.csproj", "{9BE61F28-62CA-4964-A0F3-3C9B499EF9C5}"
EndProject
Project("{9A19103F-16F7-4668-BE54-9A1E7A4F7556}") = "Entities", "Entities\Entities.csproj", "{C68D4C00-5EDF-4F46-AC8F-F4B8A683FBFB}"
EndProject
Project("{9A19103F-16F7-4668-BE54-9A1E7A4F7556}") = "ConsoleUI", "ConsoleUI\ConsoleUI.csproj", "{1AB5651F-9708-4945-88E1-D8737392B05E}"
EndProject
Project("{9A19103F-16F7-4668-BE54-9A1E7A4F7556}") = "Core", "Core\Core.csproj", "{9CBD703F-F0F5-4A9C-AD47-0A0BB1FEE51C}"
EndProject
Project("{FAE04EC0-301F-11D3-BF4B-00C04F79EFBC}") = "WebAPI", "WebAPI\WebAPI.csproj", "{5AD6A2B1-B88D-487F-87DA-0E5C0B0E5C8D}"
EndProject
Global
	GlobalSection(SolutionConfigurationPlatforms) = preSolution
		Debug|Any CPU = Debug|Any CPU
		Release|Any CPU = Release|Any CPU
	EndGlobalSection
	GlobalSection(ProjectConfigurationPlatforms) = postSolution
		{71E9F8FF-92D1-47D7-899F-F5EF1DC0CD0D}.Debug|Any CPU.ActiveCfg = Debug|Any CPU
		{71E9F8FF-92D1-47D7-899F-F5EF1DC0CD0D}.Debug|Any CPU.Build.0 = Debug|Any CPU
		{71E9F8FF-92D1-47D7-899F-F5EF1DC0CD0D}.Release|Any CPU.ActiveCfg = Release|Any CPU
		{71E9F8FF-92D1-47D7-899F-F5EF1DC0CD0D}.Release|Any CPU.Build.0 = Release|Any CPU
		{9BE61F28-62CA-4964-A0F3-3C9B499EF9C5}.Debug|Any CPU.ActiveCfg = Debug|Any CPU
		{9BE61F28-62CA-4964-A0F3-3C9B499EF9C5}.Debug|Any CPU.Build.0 = Debug|Any CPU
		{9BE61F28-62CA-4964-A0F3-3C9B499EF9C5}.Release|Any CPU.ActiveCfg = Release|Any CPU
		{9BE61F28-62CA-4964-A0F3-3C9B499EF9C5}.Release|Any CPU.Build.0 = Release|Any CPU
		{C68D4C00-5EDF-4F46-AC8F-F4B8A683FBFB}.Debug|Any CPU.ActiveCfg = Debug|Any CPU
		{C68D4C00-5EDF-4F46-AC8F-F4B8A683FBFB}.Debug|Any CPU.Build.0 = Debug|Any CPU
		{C68D4C00-5EDF-4F46-AC8F-F4B8A683FBFB}.Release|Any CPU.ActiveCfg = Release|Any CPU
		{C68D4C00-5EDF-4F46-AC8F-F4B8A683FBFB}.Release|Any CPU.Build.0 = Release|Any CPU
		{1AB5651F-9708-4945-88E1-D8737392B05E}.Debug|Any CPU.ActiveCfg = Debug|Any CPU
		{1AB5651F-9708-4945-88E1-D8737392B05E}.Debug|Any CPU.Build.0 = Debug|Any CPU
		{1AB5651F-9708-4945-88E1-D8737392B05E}.Release|Any CPU.ActiveCfg = Release|Any CPU
		{1AB5651F-9708-4945-88E1-D8737392B05E}.Release|Any CPU.Build.0 = Release|Any CPU
		{9CBD703F-F0F5-4A9C-AD47-0A0BB1FEE51C}.Debug|Any CPU.ActiveCfg = Debug|Any CPU
		{9CBD703F-F0F5-4A9C-AD47-0A0BB1FEE51C}.Debug|Any CPU.Build.0 = Debug|Any CPU
		{9CBD703F-F0F5-4A9C-AD47-0A0BB1FEE51C}.Release|Any CPU.ActiveCfg = Release|Any CPU
		{9CBD703F-F0F5-4A9C-AD47-0A0BB1FEE51C}.Release|Any CPU.Build.0 = Release|Any CPU
		{5AD6A2B1-B88D-487F-87DA-0E5C0B0E5C8D}.Debug|Any CPU.ActiveCfg = Debug|Any CPU
		{5AD6A2B1-B88D-487F-87DA-0E5C0B0E5C8D}.Debug|Any CPU.Build.0 = Debug|Any CPU
		{5AD6A2B1-B88D-487F-87DA-0E5C0B0E5C8D}.Release|Any CPU.ActiveCfg = Release|Any CPU
		{5AD6A2B1-B88D-487F-87DA-0E5C0B0E5C8D}.Release|Any CPU.Build.0 = Release|Any CPU
	EndGlobalSection
	GlobalSection(SolutionProperties) = preSolution
		HideSolutionNode = FALSE
	EndGlobalSection
	GlobalSection(ExtensibilityGlobals) = postSolution
		SolutionGuid = {FF54FF1F-289A-47F3-B461-1283522C2632}
	EndGlobalSection
EndGlobal
